
Microsoft Visual Studio Solution File, Format Version 12.00
# Visual Studio Version 17
VisualStudioVersion = 17.9.34616.47
MinimumVisualStudioVersion = 10.0.40219.1
Project("{FAE04EC0-301F-11D3-BF4B-00C04F79EFBC}") = "27-02", "27-02.csproj", "{3ADAF0D8-9211-49B3-AC81-2626D6475FA3}"
EndProject
Global
	GlobalSection(SolutionConfigurationPlatforms) = preSolution
		Debug|Any CPU = Debug|Any CPU
		Release|Any CPU = Release|Any CPU
	EndGlobalSection
	GlobalSection(ProjectConfigurationPlatforms) = postSolution
		{3ADAF0D8-9211-49B3-AC81-2626D6475FA3}.Debug|Any CPU.ActiveCfg = Debug|Any CPU
		{3ADAF0D8-9211-49B3-AC81-2626D6475FA3}.Debug|Any CPU.Build.0 = Debug|Any CPU
		{3ADAF0D8-9211-49B3-AC81-2626D6475FA3}.Release|Any CPU.ActiveCfg = Release|Any CPU
		{3ADAF0D8-9211-49B3-AC81-2626D6475FA3}.Release|Any CPU.Build.0 = Release|Any CPU
	EndGlobalSection
	GlobalSection(SolutionProperties) = preSolution
		HideSolutionNode = FALSE
	EndGlobalSection
	GlobalSection(ExtensibilityGlobals) = postSolution
		SolutionGuid = {FB7DE8D1-7D5C-4579-BE03-681907C47E74}
	EndGlobalSection
EndGlobal
