
Microsoft Visual Studio Solution File, Format Version 12.00
# Visual Studio Version 17
VisualStudioVersion = 17.11.35312.102
MinimumVisualStudioVersion = 10.0.40219.1
Project("{FAE04EC0-301F-11D3-BF4B-00C04F79EFBC}") = "zadanie-interface", "zadanie-interface\zadanie-interface.csproj", "{8C647953-D3AC-4DC0-A9A4-2EABD4D83741}"
EndProject
Global
	GlobalSection(SolutionConfigurationPlatforms) = preSolution
		Debug|Any CPU = Debug|Any CPU
		Release|Any CPU = Release|Any CPU
	EndGlobalSection
	GlobalSection(ProjectConfigurationPlatforms) = postSolution
		{8C647953-D3AC-4DC0-A9A4-2EABD4D83741}.Debug|Any CPU.ActiveCfg = Debug|Any CPU
		{8C647953-D3AC-4DC0-A9A4-2EABD4D83741}.Debug|Any CPU.Build.0 = Debug|Any CPU
		{8C647953-D3AC-4DC0-A9A4-2EABD4D83741}.Release|Any CPU.ActiveCfg = Release|Any CPU
		{8C647953-D3AC-4DC0-A9A4-2EABD4D83741}.Release|Any CPU.Build.0 = Release|Any CPU
	EndGlobalSection
	GlobalSection(SolutionProperties) = preSolution
		HideSolutionNode = FALSE
	EndGlobalSection
	GlobalSection(ExtensibilityGlobals) = postSolution
		SolutionGuid = {370BCD10-976F-43D3-9C00-DC6414BFD0AB}
	EndGlobalSection
EndGlobal
