
Microsoft Visual Studio Solution File, Format Version 12.00
# Visual Studio Version 17
VisualStudioVersion = 17.14.36623.8 d17.14
MinimumVisualStudioVersion = 10.0.40219.1
Project("{FAE04EC0-301F-11D3-BF4B-00C04F79EFBC}") = "DI-drużyna_sportowa", "DI-drużyna_sportowa\DI-drużyna_sportowa.csproj", "{9C74CB1B-E4D3-4549-A7BF-A2DEC2A1D3CB}"
EndProject
Global
	GlobalSection(SolutionConfigurationPlatforms) = preSolution
		Debug|Any CPU = Debug|Any CPU
		Release|Any CPU = Release|Any CPU
	EndGlobalSection
	GlobalSection(ProjectConfigurationPlatforms) = postSolution
		{9C74CB1B-E4D3-4549-A7BF-A2DEC2A1D3CB}.Debug|Any CPU.ActiveCfg = Debug|Any CPU
		{9C74CB1B-E4D3-4549-A7BF-A2DEC2A1D3CB}.Debug|Any CPU.Build.0 = Debug|Any CPU
		{9C74CB1B-E4D3-4549-A7BF-A2DEC2A1D3CB}.Release|Any CPU.ActiveCfg = Release|Any CPU
		{9C74CB1B-E4D3-4549-A7BF-A2DEC2A1D3CB}.Release|Any CPU.Build.0 = Release|Any CPU
	EndGlobalSection
	GlobalSection(SolutionProperties) = preSolution
		HideSolutionNode = FALSE
	EndGlobalSection
	GlobalSection(ExtensibilityGlobals) = postSolution
		SolutionGuid = {12F3A9D3-01DE-46F5-85F4-79A93EE2E3D5}
	EndGlobalSection
EndGlobal
