
Microsoft Visual Studio Solution File, Format Version 12.00
# Visual Studio Version 17
VisualStudioVersion = 17.9.34622.214
MinimumVisualStudioVersion = 10.0.40219.1
Project("{FAE04EC0-301F-11D3-BF4B-00C04F79EFBC}") = "popr-sprawdzian-tablicelistyitp", "popr-sprawdzian-tablicelistyitp\popr-sprawdzian-tablicelistyitp.csproj", "{F31117E6-0D4D-4182-870A-E201551B6CDE}"
EndProject
Global
	GlobalSection(SolutionConfigurationPlatforms) = preSolution
		Debug|Any CPU = Debug|Any CPU
		Release|Any CPU = Release|Any CPU
	EndGlobalSection
	GlobalSection(ProjectConfigurationPlatforms) = postSolution
		{F31117E6-0D4D-4182-870A-E201551B6CDE}.Debug|Any CPU.ActiveCfg = Debug|Any CPU
		{F31117E6-0D4D-4182-870A-E201551B6CDE}.Debug|Any CPU.Build.0 = Debug|Any CPU
		{F31117E6-0D4D-4182-870A-E201551B6CDE}.Release|Any CPU.ActiveCfg = Release|Any CPU
		{F31117E6-0D4D-4182-870A-E201551B6CDE}.Release|Any CPU.Build.0 = Release|Any CPU
	EndGlobalSection
	GlobalSection(SolutionProperties) = preSolution
		HideSolutionNode = FALSE
	EndGlobalSection
	GlobalSection(ExtensibilityGlobals) = postSolution
		SolutionGuid = {2AEA21C9-7971-4CC1-8977-5B2F2A13A88E}
	EndGlobalSection
EndGlobal
