
Microsoft Visual Studio Solution File, Format Version 12.00
# Visual Studio Version 17
VisualStudioVersion = 17.14.36511.14 d17.14
MinimumVisualStudioVersion = 10.0.40219.1
Project("{FAE04EC0-301F-11D3-BF4B-00C04F79EFBC}") = "18-09", "18-09\18-09.csproj", "{5860981F-130D-4BDA-B42C-E4A4490783C9}"
EndProject
Global
	GlobalSection(SolutionConfigurationPlatforms) = preSolution
		Debug|Any CPU = Debug|Any CPU
		Release|Any CPU = Release|Any CPU
	EndGlobalSection
	GlobalSection(ProjectConfigurationPlatforms) = postSolution
		{5860981F-130D-4BDA-B42C-E4A4490783C9}.Debug|Any CPU.ActiveCfg = Debug|Any CPU
		{5860981F-130D-4BDA-B42C-E4A4490783C9}.Debug|Any CPU.Build.0 = Debug|Any CPU
		{5860981F-130D-4BDA-B42C-E4A4490783C9}.Release|Any CPU.ActiveCfg = Release|Any CPU
		{5860981F-130D-4BDA-B42C-E4A4490783C9}.Release|Any CPU.Build.0 = Release|Any CPU
	EndGlobalSection
	GlobalSection(SolutionProperties) = preSolution
		HideSolutionNode = FALSE
	EndGlobalSection
	GlobalSection(ExtensibilityGlobals) = postSolution
		SolutionGuid = {10CE3E22-7C1A-4CBD-92C7-AC65DD105C03}
	EndGlobalSection
EndGlobal
