
Microsoft Visual Studio Solution File, Format Version 12.00
# Visual Studio Version 17
VisualStudioVersion = 17.14.36623.8 d17.14
MinimumVisualStudioVersion = 10.0.40219.1
Project("{FAE04EC0-301F-11D3-BF4B-00C04F79EFBC}") = "chainofresponsibility", "chainofresponsibility\chainofresponsibility.csproj", "{AFB4B802-DEB0-4D0F-A2CF-70342557D2F5}"
EndProject
Global
	GlobalSection(SolutionConfigurationPlatforms) = preSolution
		Debug|Any CPU = Debug|Any CPU
		Release|Any CPU = Release|Any CPU
	EndGlobalSection
	GlobalSection(ProjectConfigurationPlatforms) = postSolution
		{AFB4B802-DEB0-4D0F-A2CF-70342557D2F5}.Debug|Any CPU.ActiveCfg = Debug|Any CPU
		{AFB4B802-DEB0-4D0F-A2CF-70342557D2F5}.Debug|Any CPU.Build.0 = Debug|Any CPU
		{AFB4B802-DEB0-4D0F-A2CF-70342557D2F5}.Release|Any CPU.ActiveCfg = Release|Any CPU
		{AFB4B802-DEB0-4D0F-A2CF-70342557D2F5}.Release|Any CPU.Build.0 = Release|Any CPU
	EndGlobalSection
	GlobalSection(SolutionProperties) = preSolution
		HideSolutionNode = FALSE
	EndGlobalSection
	GlobalSection(ExtensibilityGlobals) = postSolution
		SolutionGuid = {944E204E-E69D-4892-A342-9561E9BFE3E6}
	EndGlobalSection
EndGlobal
