
Microsoft Visual Studio Solution File, Format Version 12.00
# Visual Studio Version 17
VisualStudioVersion = 17.14.36623.8 d17.14
MinimumVisualStudioVersion = 10.0.40219.1
Project("{FAE04EC0-301F-11D3-BF4B-00C04F79EFBC}") = "Zadanie2", "Zadanie2\Zadanie2.csproj", "{3E24109F-9397-430F-BB40-7EDCFE813F4A}"
EndProject
Global
	GlobalSection(SolutionConfigurationPlatforms) = preSolution
		Debug|Any CPU = Debug|Any CPU
		Release|Any CPU = Release|Any CPU
	EndGlobalSection
	GlobalSection(ProjectConfigurationPlatforms) = postSolution
		{3E24109F-9397-430F-BB40-7EDCFE813F4A}.Debug|Any CPU.ActiveCfg = Debug|Any CPU
		{3E24109F-9397-430F-BB40-7EDCFE813F4A}.Debug|Any CPU.Build.0 = Debug|Any CPU
		{3E24109F-9397-430F-BB40-7EDCFE813F4A}.Release|Any CPU.ActiveCfg = Release|Any CPU
		{3E24109F-9397-430F-BB40-7EDCFE813F4A}.Release|Any CPU.Build.0 = Release|Any CPU
	EndGlobalSection
	GlobalSection(SolutionProperties) = preSolution
		HideSolutionNode = FALSE
	EndGlobalSection
	GlobalSection(ExtensibilityGlobals) = postSolution
		SolutionGuid = {E1672097-D66B-4A07-8F35-E926A6152E23}
	EndGlobalSection
EndGlobal
