Microsoft Visual Studio Solution File, Format Version 12.00
# Visual Studio Version 17
VisualStudioVersion = 17.13.35828.75
MinimumVisualStudioVersion = 10.0.40219.1
Project("{FAE04EC0-301F-11D3-BF4B-00C04F79EFBC}") = "SprawdzianRS", "SprawdzianRS\SprawdzianRS.csproj", "{D581926A-B8FB-4D36-A982-F28D210C57F1}"
EndProject
Global
	GlobalSection(SolutionConfigurationPlatforms) = preSolution
		Debug|Any CPU = Debug|Any CPU
		Release|Any CPU = Release|Any CPU
	EndGlobalSection
	GlobalSection(ProjectConfigurationPlatforms) = postSolution
		{D581926A-B8FB-4D36-A982-F28D210C57F1}.Debug|Any CPU.ActiveCfg = Debug|Any CPU
		{D581926A-B8FB-4D36-A982-F28D210C57F1}.Debug|Any CPU.Build.0 = Debug|Any CPU
		{D581926A-B8FB-4D36-A982-F28D210C57F1}.Release|Any CPU.ActiveCfg = Release|Any CPU
		{D581926A-B8FB-4D36-A982-F28D210C57F1}.Release|Any CPU.Build.0 = Release|Any CPU
	EndGlobalSection
	GlobalSection(SolutionProperties) = preSolution
		HideSolutionNode = FALSE
	EndGlobalSection
	GlobalSection(ExtensibilityGlobals) = postSolution
		SolutionGuid = {84E55A99-09A4-4EBF-91CD-78732946F1AB}
	EndGlobalSection
EndGlobal
