
Microsoft Visual Studio Solution File, Format Version 12.00
# Visual Studio Version 17
VisualStudioVersion = 17.12.35707.178 d17.12
MinimumVisualStudioVersion = 10.0.40219.1
Project("{FAE04EC0-301F-11D3-BF4B-00C04F79EFBC}") = "16-09", "16-09\16-09.csproj", "{07A0832C-50F1-4816-9A96-07C0F51AE4C3}"
EndProject
Global
	GlobalSection(SolutionConfigurationPlatforms) = preSolution
		Debug|Any CPU = Debug|Any CPU
		Release|Any CPU = Release|Any CPU
	EndGlobalSection
	GlobalSection(ProjectConfigurationPlatforms) = postSolution
		{07A0832C-50F1-4816-9A96-07C0F51AE4C3}.Debug|Any CPU.ActiveCfg = Debug|Any CPU
		{07A0832C-50F1-4816-9A96-07C0F51AE4C3}.Debug|Any CPU.Build.0 = Debug|Any CPU
		{07A0832C-50F1-4816-9A96-07C0F51AE4C3}.Release|Any CPU.ActiveCfg = Release|Any CPU
		{07A0832C-50F1-4816-9A96-07C0F51AE4C3}.Release|Any CPU.Build.0 = Release|Any CPU
	EndGlobalSection
	GlobalSection(SolutionProperties) = preSolution
		HideSolutionNode = FALSE
	EndGlobalSection
EndGlobal
