
Microsoft Visual Studio Solution File, Format Version 12.00
Project("{FAE04EC0-301F-11D3-BF4B-00C04F79EFBC}") = "delegat-cz3", "delegat-cz3\delegat-cz3.csproj", "{61C23331-EF15-425F-BF72-D5C55A38BE5B}"
EndProject
Global
	GlobalSection(SolutionConfigurationPlatforms) = preSolution
		Debug|Any CPU = Debug|Any CPU
		Release|Any CPU = Release|Any CPU
	EndGlobalSection
	GlobalSection(ProjectConfigurationPlatforms) = postSolution
		{61C23331-EF15-425F-BF72-D5C55A38BE5B}.Debug|Any CPU.ActiveCfg = Debug|Any CPU
		{61C23331-EF15-425F-BF72-D5C55A38BE5B}.Debug|Any CPU.Build.0 = Debug|Any CPU
		{61C23331-EF15-425F-BF72-D5C55A38BE5B}.Release|Any CPU.ActiveCfg = Release|Any CPU
		{61C23331-EF15-425F-BF72-D5C55A38BE5B}.Release|Any CPU.Build.0 = Release|Any CPU
	EndGlobalSection
EndGlobal
