
Microsoft Visual Studio Solution File, Format Version 12.00
# Visual Studio Version 17
VisualStudioVersion = 17.8.34511.84
MinimumVisualStudioVersion = 10.0.40219.1
Project("{FAE04EC0-301F-11D3-BF4B-00C04F79EFBC}") = "16.2-30-04", "16.2-30-04.csproj", "{B3BF3B23-AEEA-4586-96D9-23B296C8A49E}"
EndProject
Global
	GlobalSection(SolutionConfigurationPlatforms) = preSolution
		Debug|Any CPU = Debug|Any CPU
		Release|Any CPU = Release|Any CPU
	EndGlobalSection
	GlobalSection(ProjectConfigurationPlatforms) = postSolution
		{B3BF3B23-AEEA-4586-96D9-23B296C8A49E}.Debug|Any CPU.ActiveCfg = Debug|Any CPU
		{B3BF3B23-AEEA-4586-96D9-23B296C8A49E}.Debug|Any CPU.Build.0 = Debug|Any CPU
		{B3BF3B23-AEEA-4586-96D9-23B296C8A49E}.Release|Any CPU.ActiveCfg = Release|Any CPU
		{B3BF3B23-AEEA-4586-96D9-23B296C8A49E}.Release|Any CPU.Build.0 = Release|Any CPU
	EndGlobalSection
	GlobalSection(SolutionProperties) = preSolution
		HideSolutionNode = FALSE
	EndGlobalSection
	GlobalSection(ExtensibilityGlobals) = postSolution
		SolutionGuid = {1F1CCFDC-2C53-485B-AAC2-2ABEB52C1555}
	EndGlobalSection
EndGlobal
