
Microsoft Visual Studio Solution File, Format Version 12.00
# Visual Studio Version 17
VisualStudioVersion = 17.14.36623.8 d17.14
MinimumVisualStudioVersion = 10.0.40219.1
Project("{FAE04EC0-301F-11D3-BF4B-00C04F79EFBC}") = "EgzaminProbnyDesktopowa", "EgzaminProbnyDesktopowa\EgzaminProbnyDesktopowa.csproj", "{D391F562-BAF9-480D-A302-022EEEDF30F4}"
EndProject
Global
	GlobalSection(SolutionConfigurationPlatforms) = preSolution
		Debug|Any CPU = Debug|Any CPU
		Release|Any CPU = Release|Any CPU
	EndGlobalSection
	GlobalSection(ProjectConfigurationPlatforms) = postSolution
		{D391F562-BAF9-480D-A302-022EEEDF30F4}.Debug|Any CPU.ActiveCfg = Debug|Any CPU
		{D391F562-BAF9-480D-A302-022EEEDF30F4}.Debug|Any CPU.Build.0 = Debug|Any CPU
		{D391F562-BAF9-480D-A302-022EEEDF30F4}.Release|Any CPU.ActiveCfg = Release|Any CPU
		{D391F562-BAF9-480D-A302-022EEEDF30F4}.Release|Any CPU.Build.0 = Release|Any CPU
	EndGlobalSection
	GlobalSection(SolutionProperties) = preSolution
		HideSolutionNode = FALSE
	EndGlobalSection
	GlobalSection(ExtensibilityGlobals) = postSolution
		SolutionGuid = {3C0C5A06-D48A-4AA4-9E2C-18E94B41DFD1}
	EndGlobalSection
EndGlobal
