
Microsoft Visual Studio Solution File, Format Version 12.00
# Visual Studio Version 17
VisualStudioVersion = 17.12.35506.116 d17.12
MinimumVisualStudioVersion = 10.0.40219.1
Project("{FAE04EC0-301F-11D3-BF4B-00C04F79EFBC}") = "delegat-cz2", "delegat-cz2\delegat-cz2.csproj", "{FE747BBB-E8CA-4A6E-9F02-E70C06FB8553}"
EndProject
Global
	GlobalSection(SolutionConfigurationPlatforms) = preSolution
		Debug|Any CPU = Debug|Any CPU
		Release|Any CPU = Release|Any CPU
	EndGlobalSection
	GlobalSection(ProjectConfigurationPlatforms) = postSolution
		{FE747BBB-E8CA-4A6E-9F02-E70C06FB8553}.Debug|Any CPU.ActiveCfg = Debug|Any CPU
		{FE747BBB-E8CA-4A6E-9F02-E70C06FB8553}.Debug|Any CPU.Build.0 = Debug|Any CPU
		{FE747BBB-E8CA-4A6E-9F02-E70C06FB8553}.Release|Any CPU.ActiveCfg = Release|Any CPU
		{FE747BBB-E8CA-4A6E-9F02-E70C06FB8553}.Release|Any CPU.Build.0 = Release|Any CPU
	EndGlobalSection
	GlobalSection(SolutionProperties) = preSolution
		HideSolutionNode = FALSE
	EndGlobalSection
EndGlobal
