
Microsoft Visual Studio Solution File, Format Version 12.00
# Visual Studio Version 17
VisualStudioVersion = 17.10.35013.160
MinimumVisualStudioVersion = 10.0.40219.1
Project("{FAE04EC0-301F-11D3-BF4B-00C04F79EFBC}") = "reszta", "reszta\reszta.csproj", "{28B8D2A8-91D9-4A99-B9AE-7F74C3EFF0B1}"
EndProject
Global
	GlobalSection(SolutionConfigurationPlatforms) = preSolution
		Debug|Any CPU = Debug|Any CPU
		Release|Any CPU = Release|Any CPU
	EndGlobalSection
	GlobalSection(ProjectConfigurationPlatforms) = postSolution
		{28B8D2A8-91D9-4A99-B9AE-7F74C3EFF0B1}.Debug|Any CPU.ActiveCfg = Debug|Any CPU
		{28B8D2A8-91D9-4A99-B9AE-7F74C3EFF0B1}.Debug|Any CPU.Build.0 = Debug|Any CPU
		{28B8D2A8-91D9-4A99-B9AE-7F74C3EFF0B1}.Release|Any CPU.ActiveCfg = Release|Any CPU
		{28B8D2A8-91D9-4A99-B9AE-7F74C3EFF0B1}.Release|Any CPU.Build.0 = Release|Any CPU
	EndGlobalSection
	GlobalSection(SolutionProperties) = preSolution
		HideSolutionNode = FALSE
	EndGlobalSection
	GlobalSection(ExtensibilityGlobals) = postSolution
		SolutionGuid = {61F7C5FE-41AE-4B14-A01D-5B5EB538DC5F}
	EndGlobalSection
EndGlobal
