
Microsoft Visual Studio Solution File, Format Version 12.00
# Visual Studio Version 17
VisualStudioVersion = 17.14.36603.0 d17.14
MinimumVisualStudioVersion = 10.0.40219.1
Project("{FAE04EC0-301F-11D3-BF4B-00C04F79EFBC}") = "30_10", "30_10\30_10.csproj", "{FE8F63FF-462E-4800-9A07-DB13AE3A45B9}"
EndProject
Global
	GlobalSection(SolutionConfigurationPlatforms) = preSolution
		Debug|Any CPU = Debug|Any CPU
		Release|Any CPU = Release|Any CPU
	EndGlobalSection
	GlobalSection(ProjectConfigurationPlatforms) = postSolution
		{FE8F63FF-462E-4800-9A07-DB13AE3A45B9}.Debug|Any CPU.ActiveCfg = Debug|Any CPU
		{FE8F63FF-462E-4800-9A07-DB13AE3A45B9}.Debug|Any CPU.Build.0 = Debug|Any CPU
		{FE8F63FF-462E-4800-9A07-DB13AE3A45B9}.Release|Any CPU.ActiveCfg = Release|Any CPU
		{FE8F63FF-462E-4800-9A07-DB13AE3A45B9}.Release|Any CPU.Build.0 = Release|Any CPU
	EndGlobalSection
	GlobalSection(SolutionProperties) = preSolution
		HideSolutionNode = FALSE
	EndGlobalSection
	GlobalSection(ExtensibilityGlobals) = postSolution
		SolutionGuid = {3A79BF44-CA32-4879-BB21-91E94901F0AF}
	EndGlobalSection
EndGlobal
