
Microsoft Visual Studio Solution File, Format Version 12.00
# Visual Studio Version 17
VisualStudioVersion = 17.14.36518.9 d17.14
MinimumVisualStudioVersion = 10.0.40219.1
Project("{FAE04EC0-301F-11D3-BF4B-00C04F79EFBC}") = "lekcja4", "lekcja4\lekcja4.csproj", "{F79956F8-730D-4975-8631-D3E1D1733384}"
EndProject
Global
	GlobalSection(SolutionConfigurationPlatforms) = preSolution
		Debug|Any CPU = Debug|Any CPU
		Release|Any CPU = Release|Any CPU
	EndGlobalSection
	GlobalSection(ProjectConfigurationPlatforms) = postSolution
		{F79956F8-730D-4975-8631-D3E1D1733384}.Debug|Any CPU.ActiveCfg = Debug|Any CPU
		{F79956F8-730D-4975-8631-D3E1D1733384}.Debug|Any CPU.Build.0 = Debug|Any CPU
		{F79956F8-730D-4975-8631-D3E1D1733384}.Release|Any CPU.ActiveCfg = Release|Any CPU
		{F79956F8-730D-4975-8631-D3E1D1733384}.Release|Any CPU.Build.0 = Release|Any CPU
	EndGlobalSection
	GlobalSection(SolutionProperties) = preSolution
		HideSolutionNode = FALSE
	EndGlobalSection
	GlobalSection(ExtensibilityGlobals) = postSolution
		SolutionGuid = {749158E4-E125-43FB-A737-F67AABD3E9F5}
	EndGlobalSection
EndGlobal
