
Microsoft Visual Studio Solution File, Format Version 12.00
# Visual Studio Version 17
VisualStudioVersion = 17.14.36511.14 d17.14
MinimumVisualStudioVersion = 10.0.40219.1
Project("{FAE04EC0-301F-11D3-BF4B-00C04F79EFBC}") = "7_10", "7_10\7_10.csproj", "{CC0D4B72-12C8-45E2-AA9A-603E47090F0A}"
EndProject
Global
	GlobalSection(SolutionConfigurationPlatforms) = preSolution
		Debug|Any CPU = Debug|Any CPU
		Release|Any CPU = Release|Any CPU
	EndGlobalSection
	GlobalSection(ProjectConfigurationPlatforms) = postSolution
		{CC0D4B72-12C8-45E2-AA9A-603E47090F0A}.Debug|Any CPU.ActiveCfg = Debug|Any CPU
		{CC0D4B72-12C8-45E2-AA9A-603E47090F0A}.Debug|Any CPU.Build.0 = Debug|Any CPU
		{CC0D4B72-12C8-45E2-AA9A-603E47090F0A}.Release|Any CPU.ActiveCfg = Release|Any CPU
		{CC0D4B72-12C8-45E2-AA9A-603E47090F0A}.Release|Any CPU.Build.0 = Release|Any CPU
	EndGlobalSection
	GlobalSection(SolutionProperties) = preSolution
		HideSolutionNode = FALSE
	EndGlobalSection
	GlobalSection(ExtensibilityGlobals) = postSolution
		SolutionGuid = {BCC1209C-4F8C-4260-BC62-BCDC27A06AF6}
	EndGlobalSection
EndGlobal
