
Microsoft Visual Studio Solution File, Format Version 12.00
# Visual Studio Version 17
VisualStudioVersion = 17.14.36518.9 d17.14
MinimumVisualStudioVersion = 10.0.40219.1
Project("{FAE04EC0-301F-11D3-BF4B-00C04F79EFBC}") = "Metoda Płatności", "Metoda Płatności\Metoda Płatności.csproj", "{0EB13296-808A-4A3A-A263-AE9BB10C170A}"
EndProject
Global
	GlobalSection(SolutionConfigurationPlatforms) = preSolution
		Debug|Any CPU = Debug|Any CPU
		Release|Any CPU = Release|Any CPU
	EndGlobalSection
	GlobalSection(ProjectConfigurationPlatforms) = postSolution
		{0EB13296-808A-4A3A-A263-AE9BB10C170A}.Debug|Any CPU.ActiveCfg = Debug|Any CPU
		{0EB13296-808A-4A3A-A263-AE9BB10C170A}.Debug|Any CPU.Build.0 = Debug|Any CPU
		{0EB13296-808A-4A3A-A263-AE9BB10C170A}.Release|Any CPU.ActiveCfg = Release|Any CPU
		{0EB13296-808A-4A3A-A263-AE9BB10C170A}.Release|Any CPU.Build.0 = Release|Any CPU
	EndGlobalSection
	GlobalSection(SolutionProperties) = preSolution
		HideSolutionNode = FALSE
	EndGlobalSection
	GlobalSection(ExtensibilityGlobals) = postSolution
		SolutionGuid = {53CB99B3-3235-4C6B-A014-028669269F38}
	EndGlobalSection
EndGlobal
