
Microsoft Visual Studio Solution File, Format Version 12.00
# Visual Studio Version 17
VisualStudioVersion = 17.14.36511.14 d17.14
MinimumVisualStudioVersion = 10.0.40219.1
Project("{FAE04EC0-301F-11D3-BF4B-00C04F79EFBC}") = "23-09", "23-09\23-09.csproj", "{D6DB2B2D-F00D-470A-AA56-887912FCE33B}"
EndProject
Global
	GlobalSection(SolutionConfigurationPlatforms) = preSolution
		Debug|Any CPU = Debug|Any CPU
		Release|Any CPU = Release|Any CPU
	EndGlobalSection
	GlobalSection(ProjectConfigurationPlatforms) = postSolution
		{D6DB2B2D-F00D-470A-AA56-887912FCE33B}.Debug|Any CPU.ActiveCfg = Debug|Any CPU
		{D6DB2B2D-F00D-470A-AA56-887912FCE33B}.Debug|Any CPU.Build.0 = Debug|Any CPU
		{D6DB2B2D-F00D-470A-AA56-887912FCE33B}.Release|Any CPU.ActiveCfg = Release|Any CPU
		{D6DB2B2D-F00D-470A-AA56-887912FCE33B}.Release|Any CPU.Build.0 = Release|Any CPU
	EndGlobalSection
	GlobalSection(SolutionProperties) = preSolution
		HideSolutionNode = FALSE
	EndGlobalSection
	GlobalSection(ExtensibilityGlobals) = postSolution
		SolutionGuid = {DE73C79C-546E-44EE-84CE-3F26A0F0C9FC}
	EndGlobalSection
EndGlobal
