
Microsoft Visual Studio Solution File, Format Version 12.00
# Visual Studio Version 17
VisualStudioVersion = 17.13.35825.156 d17.13
MinimumVisualStudioVersion = 10.0.40219.1
Project("{FAE04EC0-301F-11D3-BF4B-00C04F79EFBC}") = "Zdarzenia", "Zdarzenia\Zdarzenia.csproj", "{933B5982-38C1-4016-B58D-7C9272D8F693}"
EndProject
Global
	GlobalSection(SolutionConfigurationPlatforms) = preSolution
		Debug|Any CPU = Debug|Any CPU
		Release|Any CPU = Release|Any CPU
	EndGlobalSection
	GlobalSection(ProjectConfigurationPlatforms) = postSolution
		{933B5982-38C1-4016-B58D-7C9272D8F693}.Debug|Any CPU.ActiveCfg = Debug|Any CPU
		{933B5982-38C1-4016-B58D-7C9272D8F693}.Debug|Any CPU.Build.0 = Debug|Any CPU
		{933B5982-38C1-4016-B58D-7C9272D8F693}.Release|Any CPU.ActiveCfg = Release|Any CPU
		{933B5982-38C1-4016-B58D-7C9272D8F693}.Release|Any CPU.Build.0 = Release|Any CPU
	EndGlobalSection
	GlobalSection(SolutionProperties) = preSolution
		HideSolutionNode = FALSE
	EndGlobalSection
	GlobalSection(ExtensibilityGlobals) = postSolution
		SolutionGuid = {D00061E6-86DA-49AF-9E01-28EB420CB29B}
	EndGlobalSection
EndGlobal
